
Microsoft Visual Studio Solution File, Format Version 12.00
# Visual Studio 2012
Project("{FAE04EC0-301F-11D3-BF4B-00C04F79EFBC}") = "GUML", "GUML/GUML.csproj", "{ACB12649-609B-4BEB-A0CB-FBBDB26A4161}"
EndProject
Project("{FAE04EC0-301F-11D3-BF4B-00C04F79EFBC}") = "TestApplication", "TestApplication\TestApplication.csproj", "{E0A8DA15-9425-43B0-84BB-76876CBC32BC}"
EndProject
Project("{FAE04EC0-301F-11D3-BF4B-00C04F79EFBC}") = "GUML.LSP", "GUML.LSP\GUML.LSP.csproj", "{D9CB878F-4E91-419F-9A27-47EC69FDE1E6}"
EndProject
Project("{FAE04EC0-301F-11D3-BF4B-00C04F79EFBC}") = "GUML.ApiGenerator", "GUML.ApiGenerator\GUML.ApiGenerator.csproj", "{FE8C4D3E-F703-4105-846F-C8DC449895A4}"
EndProject
Project("{FAE04EC0-301F-11D3-BF4B-00C04F79EFBC}") = "GUML.ApiGenerator.Tests", "GUML.ApiGenerator.Tests\GUML.ApiGenerator.Tests.csproj", "{0FB4E153-6F40-4C7F-95BE-329FC43DB4D5}"
EndProject
Project("{FAE04EC0-301F-11D3-BF4B-00C04F79EFBC}") = "RegexTokenizeGenerator", "RegexTokenizeGenerator\RegexTokenizeGenerator.csproj", "{300E0ADB-30FA-4701-A6DE-984629A08CDC}"
EndProject
Project("{FAE04EC0-301F-11D3-BF4B-00C04F79EFBC}") = "GUML.Tests", "GUML.Tests\GUML.Tests.csproj", "{69265532-0F86-49AC-AF32-AA78E33F0DE5}"
EndProject
Project("{FAE04EC0-301F-11D3-BF4B-00C04F79EFBC}") = "RegexTokenizeGenerator.Tests", "RegexTokenizeGenerator.Tests\RegexTokenizeGenerator.Tests.csproj", "{013F054E-9B13-41EC-821E-3C12AB4D06FE}"
EndProject
Global
	GlobalSection(SolutionConfigurationPlatforms) = preSolution
		Debug|Any CPU = Debug|Any CPU
		Debug|x64 = Debug|x64
		Debug|x86 = Debug|x86
		ExportDebug|Any CPU = ExportDebug|Any CPU
		ExportDebug|x64 = ExportDebug|x64
		ExportDebug|x86 = ExportDebug|x86
		ExportRelease|Any CPU = ExportRelease|Any CPU
		ExportRelease|x64 = ExportRelease|x64
		ExportRelease|x86 = ExportRelease|x86
		Release|Any CPU = Release|Any CPU
		Release|x64 = Release|x64
		Release|x86 = Release|x86
	EndGlobalSection
	GlobalSection(ProjectConfigurationPlatforms) = postSolution
		{ACB12649-609B-4BEB-A0CB-FBBDB26A4161}.Debug|Any CPU.ActiveCfg = Debug|Any CPU
		{ACB12649-609B-4BEB-A0CB-FBBDB26A4161}.Debug|Any CPU.Build.0 = Debug|Any CPU
		{ACB12649-609B-4BEB-A0CB-FBBDB26A4161}.Debug|x64.ActiveCfg = Debug|Any CPU
		{ACB12649-609B-4BEB-A0CB-FBBDB26A4161}.Debug|x64.Build.0 = Debug|Any CPU
		{ACB12649-609B-4BEB-A0CB-FBBDB26A4161}.Debug|x86.ActiveCfg = Debug|Any CPU
		{ACB12649-609B-4BEB-A0CB-FBBDB26A4161}.Debug|x86.Build.0 = Debug|Any CPU
		{ACB12649-609B-4BEB-A0CB-FBBDB26A4161}.ExportDebug|x64.ActiveCfg = ExportDebug|Any CPU
		{ACB12649-609B-4BEB-A0CB-FBBDB26A4161}.ExportDebug|x64.Build.0 = ExportDebug|Any CPU
		{ACB12649-609B-4BEB-A0CB-FBBDB26A4161}.ExportDebug|x86.ActiveCfg = ExportDebug|Any CPU
		{ACB12649-609B-4BEB-A0CB-FBBDB26A4161}.ExportDebug|x86.Build.0 = ExportDebug|Any CPU
		{ACB12649-609B-4BEB-A0CB-FBBDB26A4161}.ExportRelease|Any CPU.ActiveCfg = Release|Any CPU
		{ACB12649-609B-4BEB-A0CB-FBBDB26A4161}.ExportRelease|Any CPU.Build.0 = Release|Any CPU
		{ACB12649-609B-4BEB-A0CB-FBBDB26A4161}.ExportRelease|x64.ActiveCfg = ExportRelease|Any CPU
		{ACB12649-609B-4BEB-A0CB-FBBDB26A4161}.ExportRelease|x64.Build.0 = ExportRelease|Any CPU
		{ACB12649-609B-4BEB-A0CB-FBBDB26A4161}.ExportRelease|x86.ActiveCfg = ExportRelease|Any CPU
		{ACB12649-609B-4BEB-A0CB-FBBDB26A4161}.ExportRelease|x86.Build.0 = ExportRelease|Any CPU
		{ACB12649-609B-4BEB-A0CB-FBBDB26A4161}.Release|Any CPU.ActiveCfg = Release|Any CPU
		{ACB12649-609B-4BEB-A0CB-FBBDB26A4161}.Release|Any CPU.Build.0 = Release|Any CPU
		{ACB12649-609B-4BEB-A0CB-FBBDB26A4161}.Release|x64.ActiveCfg = Release|Any CPU
		{ACB12649-609B-4BEB-A0CB-FBBDB26A4161}.Release|x64.Build.0 = Release|Any CPU
		{ACB12649-609B-4BEB-A0CB-FBBDB26A4161}.Release|x86.ActiveCfg = Release|Any CPU
		{ACB12649-609B-4BEB-A0CB-FBBDB26A4161}.Release|x86.Build.0 = Release|Any CPU
		{E0A8DA15-9425-43B0-84BB-76876CBC32BC}.Debug|Any CPU.ActiveCfg = Debug|Any CPU
		{E0A8DA15-9425-43B0-84BB-76876CBC32BC}.Debug|Any CPU.Build.0 = Debug|Any CPU
		{E0A8DA15-9425-43B0-84BB-76876CBC32BC}.Debug|x64.ActiveCfg = Debug|Any CPU
		{E0A8DA15-9425-43B0-84BB-76876CBC32BC}.Debug|x64.Build.0 = Debug|Any CPU
		{E0A8DA15-9425-43B0-84BB-76876CBC32BC}.Debug|x86.ActiveCfg = Debug|Any CPU
		{E0A8DA15-9425-43B0-84BB-76876CBC32BC}.Debug|x86.Build.0 = Debug|Any CPU
		{E0A8DA15-9425-43B0-84BB-76876CBC32BC}.ExportDebug|Any CPU.ActiveCfg = ExportDebug|Any CPU
		{E0A8DA15-9425-43B0-84BB-76876CBC32BC}.ExportDebug|Any CPU.Build.0 = ExportDebug|Any CPU
		{E0A8DA15-9425-43B0-84BB-76876CBC32BC}.ExportDebug|x64.ActiveCfg = ExportDebug|Any CPU
		{E0A8DA15-9425-43B0-84BB-76876CBC32BC}.ExportDebug|x64.Build.0 = ExportDebug|Any CPU
		{E0A8DA15-9425-43B0-84BB-76876CBC32BC}.ExportDebug|x86.ActiveCfg = ExportDebug|Any CPU
		{E0A8DA15-9425-43B0-84BB-76876CBC32BC}.ExportDebug|x86.Build.0 = ExportDebug|Any CPU
		{E0A8DA15-9425-43B0-84BB-76876CBC32BC}.ExportRelease|Any CPU.ActiveCfg = ExportRelease|Any CPU
		{E0A8DA15-9425-43B0-84BB-76876CBC32BC}.ExportRelease|Any CPU.Build.0 = ExportRelease|Any CPU
		{E0A8DA15-9425-43B0-84BB-76876CBC32BC}.ExportRelease|x64.ActiveCfg = ExportRelease|Any CPU
		{E0A8DA15-9425-43B0-84BB-76876CBC32BC}.ExportRelease|x64.Build.0 = ExportRelease|Any CPU
		{E0A8DA15-9425-43B0-84BB-76876CBC32BC}.ExportRelease|x86.ActiveCfg = ExportRelease|Any CPU
		{E0A8DA15-9425-43B0-84BB-76876CBC32BC}.ExportRelease|x86.Build.0 = ExportRelease|Any CPU
		{E0A8DA15-9425-43B0-84BB-76876CBC32BC}.Release|Any CPU.ActiveCfg = Release|Any CPU
		{E0A8DA15-9425-43B0-84BB-76876CBC32BC}.Release|Any CPU.Build.0 = Release|Any CPU
		{E0A8DA15-9425-43B0-84BB-76876CBC32BC}.Release|x64.ActiveCfg = Release|Any CPU
		{E0A8DA15-9425-43B0-84BB-76876CBC32BC}.Release|x64.Build.0 = Release|Any CPU
		{E0A8DA15-9425-43B0-84BB-76876CBC32BC}.Release|x86.ActiveCfg = Release|Any CPU
		{E0A8DA15-9425-43B0-84BB-76876CBC32BC}.Release|x86.Build.0 = Release|Any CPU
		{D9CB878F-4E91-419F-9A27-47EC69FDE1E6}.Debug|Any CPU.ActiveCfg = Debug|Any CPU
		{D9CB878F-4E91-419F-9A27-47EC69FDE1E6}.Debug|Any CPU.Build.0 = Debug|Any CPU
		{D9CB878F-4E91-419F-9A27-47EC69FDE1E6}.Debug|x64.ActiveCfg = Debug|Any CPU
		{D9CB878F-4E91-419F-9A27-47EC69FDE1E6}.Debug|x64.Build.0 = Debug|Any CPU
		{D9CB878F-4E91-419F-9A27-47EC69FDE1E6}.Debug|x86.ActiveCfg = Debug|Any CPU
		{D9CB878F-4E91-419F-9A27-47EC69FDE1E6}.Debug|x86.Build.0 = Debug|Any CPU
		{D9CB878F-4E91-419F-9A27-47EC69FDE1E6}.ExportDebug|Any CPU.ActiveCfg = Debug|Any CPU
		{D9CB878F-4E91-419F-9A27-47EC69FDE1E6}.ExportDebug|Any CPU.Build.0 = Debug|Any CPU
		{D9CB878F-4E91-419F-9A27-47EC69FDE1E6}.ExportDebug|x64.ActiveCfg = ExportDebug|Any CPU
		{D9CB878F-4E91-419F-9A27-47EC69FDE1E6}.ExportDebug|x64.Build.0 = ExportDebug|Any CPU
		{D9CB878F-4E91-419F-9A27-47EC69FDE1E6}.ExportDebug|x86.ActiveCfg = ExportDebug|Any CPU
		{D9CB878F-4E91-419F-9A27-47EC69FDE1E6}.ExportDebug|x86.Build.0 = ExportDebug|Any CPU
		{D9CB878F-4E91-419F-9A27-47EC69FDE1E6}.ExportRelease|Any CPU.ActiveCfg = Debug|Any CPU
		{D9CB878F-4E91-419F-9A27-47EC69FDE1E6}.ExportRelease|Any CPU.Build.0 = Debug|Any CPU
		{D9CB878F-4E91-419F-9A27-47EC69FDE1E6}.ExportRelease|x64.ActiveCfg = ExportRelease|Any CPU
		{D9CB878F-4E91-419F-9A27-47EC69FDE1E6}.ExportRelease|x64.Build.0 = ExportRelease|Any CPU
		{D9CB878F-4E91-419F-9A27-47EC69FDE1E6}.ExportRelease|x86.ActiveCfg = ExportRelease|Any CPU
		{D9CB878F-4E91-419F-9A27-47EC69FDE1E6}.ExportRelease|x86.Build.0 = ExportRelease|Any CPU
		{D9CB878F-4E91-419F-9A27-47EC69FDE1E6}.Release|Any CPU.ActiveCfg = Release|Any CPU
		{D9CB878F-4E91-419F-9A27-47EC69FDE1E6}.Release|Any CPU.Build.0 = Release|Any CPU
		{D9CB878F-4E91-419F-9A27-47EC69FDE1E6}.Release|x64.ActiveCfg = Release|Any CPU
		{D9CB878F-4E91-419F-9A27-47EC69FDE1E6}.Release|x64.Build.0 = Release|Any CPU
		{D9CB878F-4E91-419F-9A27-47EC69FDE1E6}.Release|x86.ActiveCfg = Release|Any CPU
		{D9CB878F-4E91-419F-9A27-47EC69FDE1E6}.Release|x86.Build.0 = Release|Any CPU
		{FE8C4D3E-F703-4105-846F-C8DC449895A4}.Debug|Any CPU.ActiveCfg = Debug|Any CPU
		{FE8C4D3E-F703-4105-846F-C8DC449895A4}.Debug|Any CPU.Build.0 = Debug|Any CPU
		{FE8C4D3E-F703-4105-846F-C8DC449895A4}.Debug|x64.ActiveCfg = Debug|Any CPU
		{FE8C4D3E-F703-4105-846F-C8DC449895A4}.Debug|x64.Build.0 = Debug|Any CPU
		{FE8C4D3E-F703-4105-846F-C8DC449895A4}.Debug|x86.ActiveCfg = Debug|Any CPU
		{FE8C4D3E-F703-4105-846F-C8DC449895A4}.Debug|x86.Build.0 = Debug|Any CPU
		{FE8C4D3E-F703-4105-846F-C8DC449895A4}.ExportDebug|Any CPU.ActiveCfg = Debug|Any CPU
		{FE8C4D3E-F703-4105-846F-C8DC449895A4}.ExportDebug|Any CPU.Build.0 = Debug|Any CPU
		{FE8C4D3E-F703-4105-846F-C8DC449895A4}.ExportDebug|x64.ActiveCfg = ExportDebug|Any CPU
		{FE8C4D3E-F703-4105-846F-C8DC449895A4}.ExportDebug|x64.Build.0 = ExportDebug|Any CPU
		{FE8C4D3E-F703-4105-846F-C8DC449895A4}.ExportDebug|x86.ActiveCfg = ExportDebug|Any CPU
		{FE8C4D3E-F703-4105-846F-C8DC449895A4}.ExportDebug|x86.Build.0 = ExportDebug|Any CPU
		{FE8C4D3E-F703-4105-846F-C8DC449895A4}.ExportRelease|Any CPU.ActiveCfg = Debug|Any CPU
		{FE8C4D3E-F703-4105-846F-C8DC449895A4}.ExportRelease|Any CPU.Build.0 = Debug|Any CPU
		{FE8C4D3E-F703-4105-846F-C8DC449895A4}.ExportRelease|x64.ActiveCfg = ExportRelease|Any CPU
		{FE8C4D3E-F703-4105-846F-C8DC449895A4}.ExportRelease|x64.Build.0 = ExportRelease|Any CPU
		{FE8C4D3E-F703-4105-846F-C8DC449895A4}.ExportRelease|x86.ActiveCfg = ExportRelease|Any CPU
		{FE8C4D3E-F703-4105-846F-C8DC449895A4}.ExportRelease|x86.Build.0 = ExportRelease|Any CPU
		{FE8C4D3E-F703-4105-846F-C8DC449895A4}.Release|Any CPU.ActiveCfg = Release|Any CPU
		{FE8C4D3E-F703-4105-846F-C8DC449895A4}.Release|Any CPU.Build.0 = Release|Any CPU
		{FE8C4D3E-F703-4105-846F-C8DC449895A4}.Release|x64.ActiveCfg = Release|Any CPU
		{FE8C4D3E-F703-4105-846F-C8DC449895A4}.Release|x64.Build.0 = Release|Any CPU
		{FE8C4D3E-F703-4105-846F-C8DC449895A4}.Release|x86.ActiveCfg = Release|Any CPU
		{FE8C4D3E-F703-4105-846F-C8DC449895A4}.Release|x86.Build.0 = Release|Any CPU
		{300E0ADB-30FA-4701-A6DE-984629A08CDC}.Debug|Any CPU.ActiveCfg = Debug|Any CPU
		{300E0ADB-30FA-4701-A6DE-984629A08CDC}.Debug|Any CPU.Build.0 = Debug|Any CPU
		{300E0ADB-30FA-4701-A6DE-984629A08CDC}.Debug|x64.ActiveCfg = Debug|Any CPU
		{300E0ADB-30FA-4701-A6DE-984629A08CDC}.Debug|x64.Build.0 = Debug|Any CPU
		{300E0ADB-30FA-4701-A6DE-984629A08CDC}.Debug|x86.ActiveCfg = Debug|Any CPU
		{300E0ADB-30FA-4701-A6DE-984629A08CDC}.Debug|x86.Build.0 = Debug|Any CPU
		{300E0ADB-30FA-4701-A6DE-984629A08CDC}.ExportDebug|Any CPU.ActiveCfg = Debug|Any CPU
		{300E0ADB-30FA-4701-A6DE-984629A08CDC}.ExportDebug|Any CPU.Build.0 = Debug|Any CPU
		{300E0ADB-30FA-4701-A6DE-984629A08CDC}.ExportDebug|x64.ActiveCfg = Debug|Any CPU
		{300E0ADB-30FA-4701-A6DE-984629A08CDC}.ExportDebug|x64.Build.0 = Debug|Any CPU
		{300E0ADB-30FA-4701-A6DE-984629A08CDC}.ExportDebug|x86.ActiveCfg = Debug|Any CPU
		{300E0ADB-30FA-4701-A6DE-984629A08CDC}.ExportDebug|x86.Build.0 = Debug|Any CPU
		{300E0ADB-30FA-4701-A6DE-984629A08CDC}.ExportRelease|Any CPU.ActiveCfg = Debug|Any CPU
		{300E0ADB-30FA-4701-A6DE-984629A08CDC}.ExportRelease|Any CPU.Build.0 = Debug|Any CPU
		{300E0ADB-30FA-4701-A6DE-984629A08CDC}.ExportRelease|x64.ActiveCfg = Debug|Any CPU
		{300E0ADB-30FA-4701-A6DE-984629A08CDC}.ExportRelease|x64.Build.0 = Debug|Any CPU
		{300E0ADB-30FA-4701-A6DE-984629A08CDC}.ExportRelease|x86.ActiveCfg = Debug|Any CPU
		{300E0ADB-30FA-4701-A6DE-984629A08CDC}.ExportRelease|x86.Build.0 = Debug|Any CPU
		{300E0ADB-30FA-4701-A6DE-984629A08CDC}.Release|Any CPU.ActiveCfg = Release|Any CPU
		{300E0ADB-30FA-4701-A6DE-984629A08CDC}.Release|Any CPU.Build.0 = Release|Any CPU
		{300E0ADB-30FA-4701-A6DE-984629A08CDC}.Release|x64.ActiveCfg = Release|Any CPU
		{300E0ADB-30FA-4701-A6DE-984629A08CDC}.Release|x64.Build.0 = Release|Any CPU
		{300E0ADB-30FA-4701-A6DE-984629A08CDC}.Release|x86.ActiveCfg = Release|Any CPU
		{300E0ADB-30FA-4701-A6DE-984629A08CDC}.Release|x86.Build.0 = Release|Any CPU
		{69265532-0F86-49AC-AF32-AA78E33F0DE5}.Debug|Any CPU.ActiveCfg = Debug|Any CPU
		{69265532-0F86-49AC-AF32-AA78E33F0DE5}.Debug|Any CPU.Build.0 = Debug|Any CPU
		{69265532-0F86-49AC-AF32-AA78E33F0DE5}.Debug|x64.ActiveCfg = Debug|Any CPU
		{69265532-0F86-49AC-AF32-AA78E33F0DE5}.Debug|x64.Build.0 = Debug|Any CPU
		{69265532-0F86-49AC-AF32-AA78E33F0DE5}.Debug|x86.ActiveCfg = Debug|Any CPU
		{69265532-0F86-49AC-AF32-AA78E33F0DE5}.Debug|x86.Build.0 = Debug|Any CPU
		{69265532-0F86-49AC-AF32-AA78E33F0DE5}.ExportDebug|Any CPU.ActiveCfg = Debug|Any CPU
		{69265532-0F86-49AC-AF32-AA78E33F0DE5}.ExportDebug|Any CPU.Build.0 = Debug|Any CPU
		{69265532-0F86-49AC-AF32-AA78E33F0DE5}.ExportDebug|x64.ActiveCfg = Debug|Any CPU
		{69265532-0F86-49AC-AF32-AA78E33F0DE5}.ExportDebug|x64.Build.0 = Debug|Any CPU
		{69265532-0F86-49AC-AF32-AA78E33F0DE5}.ExportDebug|x86.ActiveCfg = Debug|Any CPU
		{69265532-0F86-49AC-AF32-AA78E33F0DE5}.ExportDebug|x86.Build.0 = Debug|Any CPU
		{69265532-0F86-49AC-AF32-AA78E33F0DE5}.ExportRelease|Any CPU.ActiveCfg = Debug|Any CPU
		{69265532-0F86-49AC-AF32-AA78E33F0DE5}.ExportRelease|Any CPU.Build.0 = Debug|Any CPU
		{69265532-0F86-49AC-AF32-AA78E33F0DE5}.ExportRelease|x64.ActiveCfg = Debug|Any CPU
		{69265532-0F86-49AC-AF32-AA78E33F0DE5}.ExportRelease|x64.Build.0 = Debug|Any CPU
		{69265532-0F86-49AC-AF32-AA78E33F0DE5}.ExportRelease|x86.ActiveCfg = Debug|Any CPU
		{69265532-0F86-49AC-AF32-AA78E33F0DE5}.ExportRelease|x86.Build.0 = Debug|Any CPU
		{69265532-0F86-49AC-AF32-AA78E33F0DE5}.Release|Any CPU.ActiveCfg = Release|Any CPU
		{69265532-0F86-49AC-AF32-AA78E33F0DE5}.Release|Any CPU.Build.0 = Release|Any CPU
		{69265532-0F86-49AC-AF32-AA78E33F0DE5}.Release|x64.ActiveCfg = Release|Any CPU
		{69265532-0F86-49AC-AF32-AA78E33F0DE5}.Release|x64.Build.0 = Release|Any CPU
		{69265532-0F86-49AC-AF32-AA78E33F0DE5}.Release|x86.ActiveCfg = Release|Any CPU
		{69265532-0F86-49AC-AF32-AA78E33F0DE5}.Release|x86.Build.0 = Release|Any CPU
		{013F054E-9B13-41EC-821E-3C12AB4D06FE}.Debug|Any CPU.ActiveCfg = Debug|Any CPU
		{013F054E-9B13-41EC-821E-3C12AB4D06FE}.Debug|Any CPU.Build.0 = Debug|Any CPU
		{013F054E-9B13-41EC-821E-3C12AB4D06FE}.Debug|x64.ActiveCfg = Debug|Any CPU
		{013F054E-9B13-41EC-821E-3C12AB4D06FE}.Debug|x64.Build.0 = Debug|Any CPU
		{013F054E-9B13-41EC-821E-3C12AB4D06FE}.Debug|x86.ActiveCfg = Debug|Any CPU
		{013F054E-9B13-41EC-821E-3C12AB4D06FE}.Debug|x86.Build.0 = Debug|Any CPU
		{013F054E-9B13-41EC-821E-3C12AB4D06FE}.ExportDebug|Any CPU.ActiveCfg = Debug|Any CPU
		{013F054E-9B13-41EC-821E-3C12AB4D06FE}.ExportDebug|Any CPU.Build.0 = Debug|Any CPU
		{013F054E-9B13-41EC-821E-3C12AB4D06FE}.ExportDebug|x64.ActiveCfg = Debug|Any CPU
		{013F054E-9B13-41EC-821E-3C12AB4D06FE}.ExportDebug|x64.Build.0 = Debug|Any CPU
		{013F054E-9B13-41EC-821E-3C12AB4D06FE}.ExportDebug|x86.ActiveCfg = Debug|Any CPU
		{013F054E-9B13-41EC-821E-3C12AB4D06FE}.ExportDebug|x86.Build.0 = Debug|Any CPU
		{013F054E-9B13-41EC-821E-3C12AB4D06FE}.ExportRelease|Any CPU.ActiveCfg = Debug|Any CPU
		{013F054E-9B13-41EC-821E-3C12AB4D06FE}.ExportRelease|Any CPU.Build.0 = Debug|Any CPU
		{013F054E-9B13-41EC-821E-3C12AB4D06FE}.ExportRelease|x64.ActiveCfg = Debug|Any CPU
		{013F054E-9B13-41EC-821E-3C12AB4D06FE}.ExportRelease|x64.Build.0 = Debug|Any CPU
		{013F054E-9B13-41EC-821E-3C12AB4D06FE}.ExportRelease|x86.ActiveCfg = Debug|Any CPU
		{013F054E-9B13-41EC-821E-3C12AB4D06FE}.ExportRelease|x86.Build.0 = Debug|Any CPU
		{013F054E-9B13-41EC-821E-3C12AB4D06FE}.Release|Any CPU.ActiveCfg = Release|Any CPU
		{013F054E-9B13-41EC-821E-3C12AB4D06FE}.Release|Any CPU.Build.0 = Release|Any CPU
		{013F054E-9B13-41EC-821E-3C12AB4D06FE}.Release|x64.ActiveCfg = Release|Any CPU
		{013F054E-9B13-41EC-821E-3C12AB4D06FE}.Release|x64.Build.0 = Release|Any CPU
		{013F054E-9B13-41EC-821E-3C12AB4D06FE}.Release|x86.ActiveCfg = Release|Any CPU
		{013F054E-9B13-41EC-821E-3C12AB4D06FE}.Release|x86.Build.0 = Release|Any CPU
		{0FB4E153-6F40-4C7F-95BE-329FC43DB4D5}.Debug|Any CPU.ActiveCfg = Debug|Any CPU
		{0FB4E153-6F40-4C7F-95BE-329FC43DB4D5}.Debug|Any CPU.Build.0 = Debug|Any CPU
		{0FB4E153-6F40-4C7F-95BE-329FC43DB4D5}.Debug|x64.ActiveCfg = Debug|Any CPU
		{0FB4E153-6F40-4C7F-95BE-329FC43DB4D5}.Debug|x64.Build.0 = Debug|Any CPU
		{0FB4E153-6F40-4C7F-95BE-329FC43DB4D5}.Debug|x86.ActiveCfg = Debug|Any CPU
		{0FB4E153-6F40-4C7F-95BE-329FC43DB4D5}.Debug|x86.Build.0 = Debug|Any CPU
		{0FB4E153-6F40-4C7F-95BE-329FC43DB4D5}.ExportDebug|Any CPU.ActiveCfg = Debug|Any CPU
		{0FB4E153-6F40-4C7F-95BE-329FC43DB4D5}.ExportDebug|Any CPU.Build.0 = Debug|Any CPU
		{0FB4E153-6F40-4C7F-95BE-329FC43DB4D5}.ExportDebug|x64.ActiveCfg = Debug|Any CPU
		{0FB4E153-6F40-4C7F-95BE-329FC43DB4D5}.ExportDebug|x64.Build.0 = Debug|Any CPU
		{0FB4E153-6F40-4C7F-95BE-329FC43DB4D5}.ExportDebug|x86.ActiveCfg = Debug|Any CPU
		{0FB4E153-6F40-4C7F-95BE-329FC43DB4D5}.ExportDebug|x86.Build.0 = Debug|Any CPU
		{0FB4E153-6F40-4C7F-95BE-329FC43DB4D5}.ExportRelease|Any CPU.ActiveCfg = Debug|Any CPU
		{0FB4E153-6F40-4C7F-95BE-329FC43DB4D5}.ExportRelease|Any CPU.Build.0 = Debug|Any CPU
		{0FB4E153-6F40-4C7F-95BE-329FC43DB4D5}.ExportRelease|x64.ActiveCfg = Debug|Any CPU
		{0FB4E153-6F40-4C7F-95BE-329FC43DB4D5}.ExportRelease|x64.Build.0 = Debug|Any CPU
		{0FB4E153-6F40-4C7F-95BE-329FC43DB4D5}.ExportRelease|x86.ActiveCfg = Debug|Any CPU
		{0FB4E153-6F40-4C7F-95BE-329FC43DB4D5}.ExportRelease|x86.Build.0 = Debug|Any CPU
		{0FB4E153-6F40-4C7F-95BE-329FC43DB4D5}.Release|Any CPU.ActiveCfg = Release|Any CPU
		{0FB4E153-6F40-4C7F-95BE-329FC43DB4D5}.Release|Any CPU.Build.0 = Release|Any CPU
		{0FB4E153-6F40-4C7F-95BE-329FC43DB4D5}.Release|x64.ActiveCfg = Release|Any CPU
		{0FB4E153-6F40-4C7F-95BE-329FC43DB4D5}.Release|x64.Build.0 = Release|Any CPU
		{0FB4E153-6F40-4C7F-95BE-329FC43DB4D5}.Release|x86.ActiveCfg = Release|Any CPU
		{0FB4E153-6F40-4C7F-95BE-329FC43DB4D5}.Release|x86.Build.0 = Release|Any CPU
	EndGlobalSection
	GlobalSection(SolutionProperties) = preSolution
		HideSolutionNode = FALSE
	EndGlobalSection
EndGlobal
