Microsoft Visual Studio Solution File, Format Version 12.00
# Visual Studio 2012

# -- Solution Folders --
Project("{2150E333-8FDC-42A3-9474-1A3956D46DE8}") = "src", "src", "{D4F2B8A1-7C4E-4F9D-8A6B-1E2D3C4B5A69}"
EndProject
Project("{2150E333-8FDC-42A3-9474-1A3956D46DE8}") = "tests", "tests", "{E5A3C9B2-8D5F-4A0E-9B7C-2F3E4D5C6B7A}"
EndProject

# -- Source Projects --
Project("{FAE04EC0-301F-11D3-BF4B-00C04F79EFBC}") = "GUML", "GUML\GUML.csproj", "{ACB12649-609B-4BEB-A0CB-FBBDB26A4161}"
EndProject
Project("{FAE04EC0-301F-11D3-BF4B-00C04F79EFBC}") = "GUML.Shared", "GUML.Shared\GUML.Shared.csproj", "{3D1957C7-B85A-47D4-946D-FD5B1821FEF3}"
EndProject
Project("{FAE04EC0-301F-11D3-BF4B-00C04F79EFBC}") = "GUML.SourceGenerator", "GUML.SourceGenerator\GUML.SourceGenerator.csproj", "{1AC8B802-2D66-49C4-8CD9-4AA1A296A43D}"
EndProject
Project("{FAE04EC0-301F-11D3-BF4B-00C04F79EFBC}") = "GUML.Analyzer", "GUML.Analyzer\GUML.Analyzer.csproj", "{D9CB878F-4E91-419F-9A27-47EC69FDE1E6}"
EndProject

# -- Test Projects --
Project("{FAE04EC0-301F-11D3-BF4B-00C04F79EFBC}") = "GUML.Tests", "GUML.Tests\GUML.Tests.csproj", "{0AA81F44-D39A-451D-BC7B-D26E34B27B7F}"
EndProject
Project("{FAE04EC0-301F-11D3-BF4B-00C04F79EFBC}") = "GUML.Shared.Tests", "GUML.Shared.Tests\GUML.Shared.Tests.csproj", "{64976321-5457-4AF3-BB80-985826D345DD}"
EndProject
Project("{FAE04EC0-301F-11D3-BF4B-00C04F79EFBC}") = "GUML.SourceGenerator.Tests", "GUML.SourceGenerator.Tests\GUML.SourceGenerator.Tests.csproj", "{D1267F85-C682-43EB-8AEC-4A0236602371}"
EndProject
Project("{FAE04EC0-301F-11D3-BF4B-00C04F79EFBC}") = "GUML.Analyzer.Tests", "GUML.Analyzer.Tests\GUML.Analyzer.Tests.csproj", "{F4F34CCF-9FB1-4804-A3F6-634984F0B504}"
EndProject

# -- Sample / Godot Application --
Project("{FAE04EC0-301F-11D3-BF4B-00C04F79EFBC}") = "TestApplication", "TestApplication\TestApplication.csproj", "{E0A8DA15-9425-43B0-84BB-76876CBC32BC}"
EndProject

Global
GlobalSection(SolutionConfigurationPlatforms) = preSolution
Debug|Any CPU = Debug|Any CPU
ExportDebug|Any CPU = ExportDebug|Any CPU
ExportRelease|Any CPU = ExportRelease|Any CPU
Release|Any CPU = Release|Any CPU
EndGlobalSection
GlobalSection(ProjectConfigurationPlatforms) = postSolution
{ACB12649-609B-4BEB-A0CB-FBBDB26A4161}.Debug|Any CPU.ActiveCfg = Debug|Any CPU
{ACB12649-609B-4BEB-A0CB-FBBDB26A4161}.Debug|Any CPU.Build.0 = Debug|Any CPU
{ACB12649-609B-4BEB-A0CB-FBBDB26A4161}.ExportDebug|Any CPU.ActiveCfg = Debug|Any CPU
{ACB12649-609B-4BEB-A0CB-FBBDB26A4161}.ExportDebug|Any CPU.Build.0 = Debug|Any CPU
{ACB12649-609B-4BEB-A0CB-FBBDB26A4161}.ExportRelease|Any CPU.ActiveCfg = Release|Any CPU
{ACB12649-609B-4BEB-A0CB-FBBDB26A4161}.ExportRelease|Any CPU.Build.0 = Release|Any CPU
{ACB12649-609B-4BEB-A0CB-FBBDB26A4161}.Release|Any CPU.ActiveCfg = Release|Any CPU
{ACB12649-609B-4BEB-A0CB-FBBDB26A4161}.Release|Any CPU.Build.0 = Release|Any CPU
{3D1957C7-B85A-47D4-946D-FD5B1821FEF3}.Debug|Any CPU.ActiveCfg = Debug|Any CPU
{3D1957C7-B85A-47D4-946D-FD5B1821FEF3}.Debug|Any CPU.Build.0 = Debug|Any CPU
{3D1957C7-B85A-47D4-946D-FD5B1821FEF3}.ExportDebug|Any CPU.ActiveCfg = Debug|Any CPU
{3D1957C7-B85A-47D4-946D-FD5B1821FEF3}.ExportDebug|Any CPU.Build.0 = Debug|Any CPU
{3D1957C7-B85A-47D4-946D-FD5B1821FEF3}.ExportRelease|Any CPU.ActiveCfg = Release|Any CPU
{3D1957C7-B85A-47D4-946D-FD5B1821FEF3}.ExportRelease|Any CPU.Build.0 = Release|Any CPU
{3D1957C7-B85A-47D4-946D-FD5B1821FEF3}.Release|Any CPU.ActiveCfg = Release|Any CPU
{3D1957C7-B85A-47D4-946D-FD5B1821FEF3}.Release|Any CPU.Build.0 = Release|Any CPU
{1AC8B802-2D66-49C4-8CD9-4AA1A296A43D}.Debug|Any CPU.ActiveCfg = Debug|Any CPU
{1AC8B802-2D66-49C4-8CD9-4AA1A296A43D}.Debug|Any CPU.Build.0 = Debug|Any CPU
{1AC8B802-2D66-49C4-8CD9-4AA1A296A43D}.ExportDebug|Any CPU.ActiveCfg = Debug|Any CPU
{1AC8B802-2D66-49C4-8CD9-4AA1A296A43D}.ExportDebug|Any CPU.Build.0 = Debug|Any CPU
{1AC8B802-2D66-49C4-8CD9-4AA1A296A43D}.ExportRelease|Any CPU.ActiveCfg = Release|Any CPU
{1AC8B802-2D66-49C4-8CD9-4AA1A296A43D}.ExportRelease|Any CPU.Build.0 = Release|Any CPU
{1AC8B802-2D66-49C4-8CD9-4AA1A296A43D}.Release|Any CPU.ActiveCfg = Release|Any CPU
{1AC8B802-2D66-49C4-8CD9-4AA1A296A43D}.Release|Any CPU.Build.0 = Release|Any CPU
{D9CB878F-4E91-419F-9A27-47EC69FDE1E6}.Debug|Any CPU.ActiveCfg = Debug|Any CPU
{D9CB878F-4E91-419F-9A27-47EC69FDE1E6}.Debug|Any CPU.Build.0 = Debug|Any CPU
{D9CB878F-4E91-419F-9A27-47EC69FDE1E6}.ExportDebug|Any CPU.ActiveCfg = Debug|Any CPU
{D9CB878F-4E91-419F-9A27-47EC69FDE1E6}.ExportDebug|Any CPU.Build.0 = Debug|Any CPU
{D9CB878F-4E91-419F-9A27-47EC69FDE1E6}.ExportRelease|Any CPU.ActiveCfg = Release|Any CPU
{D9CB878F-4E91-419F-9A27-47EC69FDE1E6}.ExportRelease|Any CPU.Build.0 = Release|Any CPU
{D9CB878F-4E91-419F-9A27-47EC69FDE1E6}.Release|Any CPU.ActiveCfg = Release|Any CPU
{D9CB878F-4E91-419F-9A27-47EC69FDE1E6}.Release|Any CPU.Build.0 = Release|Any CPU
{0AA81F44-D39A-451D-BC7B-D26E34B27B7F}.Debug|Any CPU.ActiveCfg = Debug|Any CPU
{0AA81F44-D39A-451D-BC7B-D26E34B27B7F}.Debug|Any CPU.Build.0 = Debug|Any CPU
{0AA81F44-D39A-451D-BC7B-D26E34B27B7F}.ExportDebug|Any CPU.ActiveCfg = Debug|Any CPU
{0AA81F44-D39A-451D-BC7B-D26E34B27B7F}.ExportDebug|Any CPU.Build.0 = Debug|Any CPU
{0AA81F44-D39A-451D-BC7B-D26E34B27B7F}.ExportRelease|Any CPU.ActiveCfg = Release|Any CPU
{0AA81F44-D39A-451D-BC7B-D26E34B27B7F}.ExportRelease|Any CPU.Build.0 = Release|Any CPU
{0AA81F44-D39A-451D-BC7B-D26E34B27B7F}.Release|Any CPU.ActiveCfg = Release|Any CPU
{0AA81F44-D39A-451D-BC7B-D26E34B27B7F}.Release|Any CPU.Build.0 = Release|Any CPU
{64976321-5457-4AF3-BB80-985826D345DD}.Debug|Any CPU.ActiveCfg = Debug|Any CPU
{64976321-5457-4AF3-BB80-985826D345DD}.Debug|Any CPU.Build.0 = Debug|Any CPU
{64976321-5457-4AF3-BB80-985826D345DD}.ExportDebug|Any CPU.ActiveCfg = Debug|Any CPU
{64976321-5457-4AF3-BB80-985826D345DD}.ExportDebug|Any CPU.Build.0 = Debug|Any CPU
{64976321-5457-4AF3-BB80-985826D345DD}.ExportRelease|Any CPU.ActiveCfg = Release|Any CPU
{64976321-5457-4AF3-BB80-985826D345DD}.ExportRelease|Any CPU.Build.0 = Release|Any CPU
{64976321-5457-4AF3-BB80-985826D345DD}.Release|Any CPU.ActiveCfg = Release|Any CPU
{64976321-5457-4AF3-BB80-985826D345DD}.Release|Any CPU.Build.0 = Release|Any CPU
{D1267F85-C682-43EB-8AEC-4A0236602371}.Debug|Any CPU.ActiveCfg = Debug|Any CPU
{D1267F85-C682-43EB-8AEC-4A0236602371}.Debug|Any CPU.Build.0 = Debug|Any CPU
{D1267F85-C682-43EB-8AEC-4A0236602371}.ExportDebug|Any CPU.ActiveCfg = Debug|Any CPU
{D1267F85-C682-43EB-8AEC-4A0236602371}.ExportDebug|Any CPU.Build.0 = Debug|Any CPU
{D1267F85-C682-43EB-8AEC-4A0236602371}.ExportRelease|Any CPU.ActiveCfg = Release|Any CPU
{D1267F85-C682-43EB-8AEC-4A0236602371}.ExportRelease|Any CPU.Build.0 = Release|Any CPU
{D1267F85-C682-43EB-8AEC-4A0236602371}.Release|Any CPU.ActiveCfg = Release|Any CPU
{D1267F85-C682-43EB-8AEC-4A0236602371}.Release|Any CPU.Build.0 = Release|Any CPU
{F4F34CCF-9FB1-4804-A3F6-634984F0B504}.Debug|Any CPU.ActiveCfg = Debug|Any CPU
{F4F34CCF-9FB1-4804-A3F6-634984F0B504}.Debug|Any CPU.Build.0 = Debug|Any CPU
{F4F34CCF-9FB1-4804-A3F6-634984F0B504}.ExportDebug|Any CPU.ActiveCfg = Debug|Any CPU
{F4F34CCF-9FB1-4804-A3F6-634984F0B504}.ExportDebug|Any CPU.Build.0 = Debug|Any CPU
{F4F34CCF-9FB1-4804-A3F6-634984F0B504}.ExportRelease|Any CPU.ActiveCfg = Release|Any CPU
{F4F34CCF-9FB1-4804-A3F6-634984F0B504}.ExportRelease|Any CPU.Build.0 = Release|Any CPU
{F4F34CCF-9FB1-4804-A3F6-634984F0B504}.Release|Any CPU.ActiveCfg = Release|Any CPU
{F4F34CCF-9FB1-4804-A3F6-634984F0B504}.Release|Any CPU.Build.0 = Release|Any CPU
{E0A8DA15-9425-43B0-84BB-76876CBC32BC}.Debug|Any CPU.ActiveCfg = Debug|Any CPU
{E0A8DA15-9425-43B0-84BB-76876CBC32BC}.Debug|Any CPU.Build.0 = Debug|Any CPU
{E0A8DA15-9425-43B0-84BB-76876CBC32BC}.ExportDebug|Any CPU.ActiveCfg = ExportDebug|Any CPU
{E0A8DA15-9425-43B0-84BB-76876CBC32BC}.ExportDebug|Any CPU.Build.0 = ExportDebug|Any CPU
{E0A8DA15-9425-43B0-84BB-76876CBC32BC}.ExportRelease|Any CPU.ActiveCfg = ExportRelease|Any CPU
{E0A8DA15-9425-43B0-84BB-76876CBC32BC}.ExportRelease|Any CPU.Build.0 = ExportRelease|Any CPU
{E0A8DA15-9425-43B0-84BB-76876CBC32BC}.Release|Any CPU.ActiveCfg = Release|Any CPU
{E0A8DA15-9425-43B0-84BB-76876CBC32BC}.Release|Any CPU.Build.0 = Release|Any CPU
EndGlobalSection
GlobalSection(SolutionProperties) = preSolution
HideSolutionNode = FALSE
EndGlobalSection
GlobalSection(NestedProjects) = preSolution
{ACB12649-609B-4BEB-A0CB-FBBDB26A4161} = {D4F2B8A1-7C4E-4F9D-8A6B-1E2D3C4B5A69}
{3D1957C7-B85A-47D4-946D-FD5B1821FEF3} = {D4F2B8A1-7C4E-4F9D-8A6B-1E2D3C4B5A69}
{1AC8B802-2D66-49C4-8CD9-4AA1A296A43D} = {D4F2B8A1-7C4E-4F9D-8A6B-1E2D3C4B5A69}
{D9CB878F-4E91-419F-9A27-47EC69FDE1E6} = {D4F2B8A1-7C4E-4F9D-8A6B-1E2D3C4B5A69}
{0AA81F44-D39A-451D-BC7B-D26E34B27B7F} = {E5A3C9B2-8D5F-4A0E-9B7C-2F3E4D5C6B7A}
{64976321-5457-4AF3-BB80-985826D345DD} = {E5A3C9B2-8D5F-4A0E-9B7C-2F3E4D5C6B7A}
{D1267F85-C682-43EB-8AEC-4A0236602371} = {E5A3C9B2-8D5F-4A0E-9B7C-2F3E4D5C6B7A}
{F4F34CCF-9FB1-4804-A3F6-634984F0B504} = {E5A3C9B2-8D5F-4A0E-9B7C-2F3E4D5C6B7A}
EndGlobalSection
EndGlobal
